
Microsoft Visual Studio Solution File, Format Version 12.00
# Visual Studio 15
VisualStudioVersion = 15.0.28010.2016
MinimumVisualStudioVersion = 10.0.40219.1
Project("{FAE04EC0-301F-11D3-BF4B-00C04F79EFBC}") = "Name Generator Winform", "Name Generator Winform\Name Generator Winform.csproj", "{6276D04D-BFA0-4EC3-8BB9-1007957D5BD5}"
EndProject
Global
	GlobalSection(SolutionConfigurationPlatforms) = preSolution
		Debug|Any CPU = Debug|Any CPU
		Release|Any CPU = Release|Any CPU
	EndGlobalSection
	GlobalSection(ProjectConfigurationPlatforms) = postSolution
		{6276D04D-BFA0-4EC3-8BB9-1007957D5BD5}.Debug|Any CPU.ActiveCfg = Debug|Any CPU
		{6276D04D-BFA0-4EC3-8BB9-1007957D5BD5}.Debug|Any CPU.Build.0 = Debug|Any CPU
		{6276D04D-BFA0-4EC3-8BB9-1007957D5BD5}.Release|Any CPU.ActiveCfg = Release|Any CPU
		{6276D04D-BFA0-4EC3-8BB9-1007957D5BD5}.Release|Any CPU.Build.0 = Release|Any CPU
	EndGlobalSection
	GlobalSection(SolutionProperties) = preSolution
		HideSolutionNode = FALSE
	EndGlobalSection
	GlobalSection(ExtensibilityGlobals) = postSolution
		SolutionGuid = {89E0F39C-DAC8-43B3-89B2-105D955BE5FE}
	EndGlobalSection
EndGlobal
